
Microsoft Visual Studio Solution File, Format Version 12.00
# Visual Studio Version 16
VisualStudioVersion = 16.0.29613.14
MinimumVisualStudioVersion = 10.0.40219.1
Project("{F184B08F-C81C-45F6-A57F-5ABD9991F28F}") = "WindowsApp1", "WindowsApp1\WindowsApp1.vbproj", "{2B42CC37-6422-414F-88A5-D9F31467581E}"
EndProject
Project("{FAE04EC0-301F-11D3-BF4B-00C04F79EFBC}") = "Applp", "Applp\Applp\Applp.csproj", "{17EE8CB9-CCB6-488D-B123-6B27FC7F79AE}"
EndProject
Project("{FAE04EC0-301F-11D3-BF4B-00C04F79EFBC}") = "RouTor.Backend", "RouTor.Backend\RouTor.Backend.csproj", "{D81A60A1-C5E0-47A5-810F-86A1F5AB7126}"
EndProject
Project("{FAE04EC0-301F-11D3-BF4B-00C04F79EFBC}") = "RouTor.Client", "RouTor.Client\RouTor.Client.csproj", "{6C88A3C4-8483-4623-A528-C52BB7DB5A06}"
EndProject
Global
	GlobalSection(SolutionConfigurationPlatforms) = preSolution
		Debug|Any CPU = Debug|Any CPU
		Release|Any CPU = Release|Any CPU
	EndGlobalSection
	GlobalSection(ProjectConfigurationPlatforms) = postSolution
		{2B42CC37-6422-414F-88A5-D9F31467581E}.Debug|Any CPU.ActiveCfg = Debug|Any CPU
		{2B42CC37-6422-414F-88A5-D9F31467581E}.Debug|Any CPU.Build.0 = Debug|Any CPU
		{2B42CC37-6422-414F-88A5-D9F31467581E}.Release|Any CPU.ActiveCfg = Release|Any CPU
		{2B42CC37-6422-414F-88A5-D9F31467581E}.Release|Any CPU.Build.0 = Release|Any CPU
		{17EE8CB9-CCB6-488D-B123-6B27FC7F79AE}.Debug|Any CPU.ActiveCfg = Debug|Any CPU
		{17EE8CB9-CCB6-488D-B123-6B27FC7F79AE}.Debug|Any CPU.Build.0 = Debug|Any CPU
		{17EE8CB9-CCB6-488D-B123-6B27FC7F79AE}.Debug|Any CPU.Deploy.0 = Debug|Any CPU
		{17EE8CB9-CCB6-488D-B123-6B27FC7F79AE}.Release|Any CPU.ActiveCfg = Release|Any CPU
		{17EE8CB9-CCB6-488D-B123-6B27FC7F79AE}.Release|Any CPU.Build.0 = Release|Any CPU
		{17EE8CB9-CCB6-488D-B123-6B27FC7F79AE}.Release|Any CPU.Deploy.0 = Release|Any CPU
		{D81A60A1-C5E0-47A5-810F-86A1F5AB7126}.Debug|Any CPU.ActiveCfg = Debug|Any CPU
		{D81A60A1-C5E0-47A5-810F-86A1F5AB7126}.Debug|Any CPU.Build.0 = Debug|Any CPU
		{D81A60A1-C5E0-47A5-810F-86A1F5AB7126}.Release|Any CPU.ActiveCfg = Release|Any CPU
		{D81A60A1-C5E0-47A5-810F-86A1F5AB7126}.Release|Any CPU.Build.0 = Release|Any CPU
		{6C88A3C4-8483-4623-A528-C52BB7DB5A06}.Debug|Any CPU.ActiveCfg = Debug|Any CPU
		{6C88A3C4-8483-4623-A528-C52BB7DB5A06}.Debug|Any CPU.Build.0 = Debug|Any CPU
		{6C88A3C4-8483-4623-A528-C52BB7DB5A06}.Debug|Any CPU.Deploy.0 = Debug|Any CPU
		{6C88A3C4-8483-4623-A528-C52BB7DB5A06}.Release|Any CPU.ActiveCfg = Release|Any CPU
		{6C88A3C4-8483-4623-A528-C52BB7DB5A06}.Release|Any CPU.Build.0 = Release|Any CPU
		{6C88A3C4-8483-4623-A528-C52BB7DB5A06}.Release|Any CPU.Deploy.0 = Release|Any CPU
	EndGlobalSection
	GlobalSection(SolutionProperties) = preSolution
		HideSolutionNode = FALSE
	EndGlobalSection
	GlobalSection(ExtensibilityGlobals) = postSolution
		SolutionGuid = {193D3D4A-7667-443A-A682-32D896E1B840}
	EndGlobalSection
EndGlobal
